
Microsoft Visual Studio Solution File, Format Version 12.00
# Visual Studio Version 17
VisualStudioVersion = 17.6.33829.357
MinimumVisualStudioVersion = 10.0.40219.1
Project("{9A19103F-16F7-4668-BE54-9A1E7A4F7556}") = "Localidades.Application", "src\Localidades.Application\Localidades.Application.csproj", "{C4A5CAAF-098E-497A-B907-0BEE09CC996B}"
EndProject
Project("{9A19103F-16F7-4668-BE54-9A1E7A4F7556}") = "Localidades.Domain", "src\Localidades.Domain\Localidades.Domain.csproj", "{50F62062-D0EC-478E-992D-F0900CFDFCF4}"
EndProject
Project("{9A19103F-16F7-4668-BE54-9A1E7A4F7556}") = "Localidades.Infrastructure", "src\Localidades.Infrastructure\Localidades.Infrastructure.csproj", "{C3154F90-18FC-4AED-AA07-F0ABA9C5D2D7}"
EndProject
Project("{9A19103F-16F7-4668-BE54-9A1E7A4F7556}") = "Localidades.Tests", "tests\Localidades.Tests\Localidades.Tests.csproj", "{2AC446E1-3D21-44F9-AA6B-3DAF2CC130D1}"
	ProjectSection(ProjectDependencies) = postProject
		{50F62062-D0EC-478E-992D-F0900CFDFCF4} = {50F62062-D0EC-478E-992D-F0900CFDFCF4}
		{C4A5CAAF-098E-497A-B907-0BEE09CC996B} = {C4A5CAAF-098E-497A-B907-0BEE09CC996B}
	EndProjectSection
EndProject
Global
	GlobalSection(SolutionConfigurationPlatforms) = preSolution
		Debug|Any CPU = Debug|Any CPU
		Release|Any CPU = Release|Any CPU
	EndGlobalSection
	GlobalSection(ProjectConfigurationPlatforms) = postSolution
		{C4A5CAAF-098E-497A-B907-0BEE09CC996B}.Debug|Any CPU.ActiveCfg = Debug|Any CPU
		{C4A5CAAF-098E-497A-B907-0BEE09CC996B}.Debug|Any CPU.Build.0 = Debug|Any CPU
		{C4A5CAAF-098E-497A-B907-0BEE09CC996B}.Release|Any CPU.ActiveCfg = Release|Any CPU
		{C4A5CAAF-098E-497A-B907-0BEE09CC996B}.Release|Any CPU.Build.0 = Release|Any CPU
		{50F62062-D0EC-478E-992D-F0900CFDFCF4}.Debug|Any CPU.ActiveCfg = Debug|Any CPU
		{50F62062-D0EC-478E-992D-F0900CFDFCF4}.Debug|Any CPU.Build.0 = Debug|Any CPU
		{50F62062-D0EC-478E-992D-F0900CFDFCF4}.Release|Any CPU.ActiveCfg = Release|Any CPU
		{50F62062-D0EC-478E-992D-F0900CFDFCF4}.Release|Any CPU.Build.0 = Release|Any CPU
		{C3154F90-18FC-4AED-AA07-F0ABA9C5D2D7}.Debug|Any CPU.ActiveCfg = Debug|Any CPU
		{C3154F90-18FC-4AED-AA07-F0ABA9C5D2D7}.Debug|Any CPU.Build.0 = Debug|Any CPU
		{C3154F90-18FC-4AED-AA07-F0ABA9C5D2D7}.Release|Any CPU.ActiveCfg = Release|Any CPU
		{C3154F90-18FC-4AED-AA07-F0ABA9C5D2D7}.Release|Any CPU.Build.0 = Release|Any CPU
		{2AC446E1-3D21-44F9-AA6B-3DAF2CC130D1}.Debug|Any CPU.ActiveCfg = Debug|Any CPU
		{2AC446E1-3D21-44F9-AA6B-3DAF2CC130D1}.Debug|Any CPU.Build.0 = Debug|Any CPU
		{2AC446E1-3D21-44F9-AA6B-3DAF2CC130D1}.Release|Any CPU.ActiveCfg = Release|Any CPU
		{2AC446E1-3D21-44F9-AA6B-3DAF2CC130D1}.Release|Any CPU.Build.0 = Release|Any CPU
	EndGlobalSection
	GlobalSection(SolutionProperties) = preSolution
		HideSolutionNode = FALSE
	EndGlobalSection
	GlobalSection(ExtensibilityGlobals) = postSolution
		SolutionGuid = {34BFF5B0-93E4-4880-96C5-1083CA570A5E}
	EndGlobalSection
EndGlobal
